
Microsoft Visual Studio Solution File, Format Version 12.00
# Visual Studio Version 16
VisualStudioVersion = 16.0.30413.136
MinimumVisualStudioVersion = 10.0.40219.1
Project("{FAE04EC0-301F-11D3-BF4B-00C04F79EFBC}") = "AI_WWII_Standard", "AI_WWII_standard\AI_WWII_Standard.csproj", "{C0BA5CE6-0D85-4D2C-9158-860DE9938FDC}"
EndProject
Project("{FAE04EC0-301F-11D3-BF4B-00C04F79EFBC}") = "EmpireCommon", "..\EmpireCommon\EmpireCommon.csproj", "{2A78D461-67A4-4C7C-BAB3-88D7B26133A1}"
EndProject
Global
	GlobalSection(SolutionConfigurationPlatforms) = preSolution
		Debug|Any CPU = Debug|Any CPU
		Release|Any CPU = Release|Any CPU
	EndGlobalSection
	GlobalSection(ProjectConfigurationPlatforms) = postSolution
		{C0BA5CE6-0D85-4D2C-9158-860DE9938FDC}.Debug|Any CPU.ActiveCfg = Debug|Any CPU
		{C0BA5CE6-0D85-4D2C-9158-860DE9938FDC}.Debug|Any CPU.Build.0 = Debug|Any CPU
		{C0BA5CE6-0D85-4D2C-9158-860DE9938FDC}.Release|Any CPU.ActiveCfg = Release|Any CPU
		{C0BA5CE6-0D85-4D2C-9158-860DE9938FDC}.Release|Any CPU.Build.0 = Release|Any CPU
		{2A78D461-67A4-4C7C-BAB3-88D7B26133A1}.Debug|Any CPU.ActiveCfg = Debug|Any CPU
		{2A78D461-67A4-4C7C-BAB3-88D7B26133A1}.Debug|Any CPU.Build.0 = Debug|Any CPU
		{2A78D461-67A4-4C7C-BAB3-88D7B26133A1}.Release|Any CPU.ActiveCfg = Release|Any CPU
		{2A78D461-67A4-4C7C-BAB3-88D7B26133A1}.Release|Any CPU.Build.0 = Release|Any CPU
	EndGlobalSection
	GlobalSection(SolutionProperties) = preSolution
		HideSolutionNode = FALSE
	EndGlobalSection
	GlobalSection(ExtensibilityGlobals) = postSolution
		SolutionGuid = {872AE8FC-48F7-4F4C-B69A-126653E514EF}
	EndGlobalSection
EndGlobal
